# THIS IS AN AUTOGENERATED FILE. DO NOT EDIT THIS FILE DIRECTLY.
# yarn lockfile v1


"@mapbox/rehype-prism@^0.3.0":
  version "0.3.0"
  resolved "https://registry.yarnpkg.com/@mapbox/rehype-prism/-/rehype-prism-0.3.0.tgz#5ff7ed8815dce98b2666c5a793763413d4294eb7"
  integrity sha512-7v0J6p5fYYqet/IslGYNOPIbtjLkVkGg2JY5w5mpFpdmj2vwr/6g6+Y0mElLVy3cndMN/ACxtSUAeriRpjAlXA==
  dependencies:
    hast-util-to-string "^1.0.0"
    refractor "^2.3.0"
    unist-util-visit "^1.1.3"

"@mdx-js/mdx@^0.15.5":
  version "0.15.5"
  resolved "https://registry.yarnpkg.com/@mdx-js/mdx/-/mdx-0.15.5.tgz#a3821a1e0e460ee993437ef3f922482fb67c31d0"
  integrity sha512-BZQztjePZNLLbtqTdI8ApzUl1I6blY94vCswT/TYvH305Uw86t+p1mzP2R8RNe7SWT3icLkfiwRAIDM9Zp52xw==
  dependencies:
    change-case "^3.0.2"
    mdast-util-to-hast "^3.0.0"
    remark-parse "^5.0.0"
    remark-squeeze-paragraphs "^3.0.1"
    to-style "^1.3.3"
    unified "^6.1.6"
    unist-util-visit "^1.3.0"

"@mdx-js/tag@^0.15.0":
  version "0.15.0"
  resolved "https://registry.yarnpkg.com/@mdx-js/tag/-/tag-0.15.0.tgz#a98949206cc21b27a56a11550b41229631eb8b1c"
  integrity sha512-W5HVjced5SMJDoV56aVkZjIfTRM/R1RBpdcDdHMdoza0rSU6lorj7xM5VJtD1AMYRRFuDUu2idkuAJaNosO4Gw==
  dependencies:
    create-react-context "^0.2.2"
    hoist-non-react-statics "^2.5.5"
    prop-types "^15.6.1"

argparse@^1.0.7:
  version "1.0.10"
  resolved "https://registry.yarnpkg.com/argparse/-/argparse-1.0.10.tgz#bcd6791ea5ae09725e17e5ad988134cd40b3d911"
  integrity sha512-o5Roy6tNG4SL/FOkCAN6RzjiakZS25RLYFrcMttJqbdd8BWrnA+fGz57iN5Pb06pvBGvl5gQ0B48dJlslXvoTg==
  dependencies:
    sprintf-js "~1.0.2"

asap@~2.0.3:
  version "2.0.6"
  resolved "https://registry.yarnpkg.com/asap/-/asap-2.0.6.tgz#e50347611d7e690943208bbdafebcbc2fb866d46"
  integrity sha1-5QNHYR1+aQlDIIu9r+vLwvuGbUY=

bail@^1.0.0:
  version "1.0.3"
  resolved "https://registry.yarnpkg.com/bail/-/bail-1.0.3.tgz#63cfb9ddbac829b02a3128cd53224be78e6c21a3"
  integrity sha512-1X8CnjFVQ+a+KW36uBNMTU5s8+v5FzeqrP7hTG5aTb4aPreSbZJlhwPon9VKMuEVgV++JM+SQrALY3kr7eswdg==

camel-case@^3.0.0:
  version "3.0.0"
  resolved "https://registry.yarnpkg.com/camel-case/-/camel-case-3.0.0.tgz#ca3c3688a4e9cf3a4cda777dc4dcbc713249cf73"
  integrity sha1-yjw2iKTpzzpM2nd9xNy8cTJJz3M=
  dependencies:
    no-case "^2.2.0"
    upper-case "^1.1.1"

change-case@^3.0.2:
  version "3.0.2"
  resolved "https://registry.yarnpkg.com/change-case/-/change-case-3.0.2.tgz#fd48746cce02f03f0a672577d1d3a8dc2eceb037"
  integrity sha512-Mww+SLF6MZ0U6kdg11algyKd5BARbyM4TbFBepwowYSR5ClfQGCGtxNXgykpN0uF/bstWeaGDT4JWaDh8zWAHA==
  dependencies:
    camel-case "^3.0.0"
    constant-case "^2.0.0"
    dot-case "^2.1.0"
    header-case "^1.0.0"
    is-lower-case "^1.1.0"
    is-upper-case "^1.1.0"
    lower-case "^1.1.1"
    lower-case-first "^1.0.0"
    no-case "^2.3.2"
    param-case "^2.1.0"
    pascal-case "^2.0.0"
    path-case "^2.1.0"
    sentence-case "^2.1.0"
    snake-case "^2.1.0"
    swap-case "^1.1.0"
    title-case "^2.1.0"
    upper-case "^1.1.1"
    upper-case-first "^1.1.0"

character-entities-legacy@^1.0.0:
  version "1.1.2"
  resolved "https://registry.yarnpkg.com/character-entities-legacy/-/character-entities-legacy-1.1.2.tgz#7c6defb81648498222c9855309953d05f4d63a9c"
  integrity sha512-9NB2VbXtXYWdXzqrvAHykE/f0QJxzaKIpZ5QzNZrrgQ7Iyxr2vnfS8fCBNVW9nUEZE0lo57nxKRqnzY/dKrwlA==

character-entities@^1.0.0:
  version "1.2.2"
  resolved "https://registry.yarnpkg.com/character-entities/-/character-entities-1.2.2.tgz#58c8f371c0774ef0ba9b2aca5f00d8f100e6e363"
  integrity sha512-sMoHX6/nBiy3KKfC78dnEalnpn0Az0oSNvqUWYTtYrhRI5iUIYsROU48G+E+kMFQzqXaJ8kHJZ85n7y6/PHgwQ==

character-reference-invalid@^1.0.0:
  version "1.1.2"
  resolved "https://registry.yarnpkg.com/character-reference-invalid/-/character-reference-invalid-1.1.2.tgz#21e421ad3d84055952dab4a43a04e73cd425d3ed"
  integrity sha512-7I/xceXfKyUJmSAn/jw8ve/9DyOP7XxufNYLI9Px7CmsKgEUaZLUTax6nZxGQtaoiZCjpu6cHPj20xC/vqRReQ==

clipboard@^2.0.0:
  version "2.0.1"
  resolved "https://registry.yarnpkg.com/clipboard/-/clipboard-2.0.1.tgz#a12481e1c13d8a50f5f036b0560fe5d16d74e46a"
  integrity sha512-7yhQBmtN+uYZmfRjjVjKa0dZdWuabzpSKGtyQZN+9C8xlC788SSJjOHWh7tzurfwTqTD5UDYAhIv5fRJg3sHjQ==
  dependencies:
    good-listener "^1.2.2"
    select "^1.1.2"
    tiny-emitter "^2.0.0"

collapse-white-space@^1.0.0, collapse-white-space@^1.0.2:
  version "1.0.4"
  resolved "https://registry.yarnpkg.com/collapse-white-space/-/collapse-white-space-1.0.4.tgz#ce05cf49e54c3277ae573036a26851ba430a0091"
  integrity sha512-YfQ1tAUZm561vpYD+5eyWN8+UsceQbSrqqlc/6zDY2gtAE+uZLSdkkovhnGpmCThsvKBFakq4EdY/FF93E8XIw==

comma-separated-tokens@^1.0.0:
  version "1.0.5"
  resolved "https://registry.yarnpkg.com/comma-separated-tokens/-/comma-separated-tokens-1.0.5.tgz#b13793131d9ea2d2431cf5b507ddec258f0ce0db"
  integrity sha512-Cg90/fcK93n0ecgYTAz1jaA3zvnQ0ExlmKY1rdbyHqAx6BHxwoJc+J7HDu0iuQ7ixEs1qaa+WyQ6oeuBpYP1iA==
  dependencies:
    trim "0.0.1"

constant-case@^2.0.0:
  version "2.0.0"
  resolved "https://registry.yarnpkg.com/constant-case/-/constant-case-2.0.0.tgz#4175764d389d3fa9c8ecd29186ed6005243b6a46"
  integrity sha1-QXV2TTidP6nI7NKRhu1gBSQ7akY=
  dependencies:
    snake-case "^2.1.0"
    upper-case "^1.1.1"

core-js@^1.0.0:
  version "1.2.7"
  resolved "https://registry.yarnpkg.com/core-js/-/core-js-1.2.7.tgz#652294c14651db28fa93bd2d5ff2983a4f08c636"
  integrity sha1-ZSKUwUZR2yj6k70tX/KYOk8IxjY=

create-react-context@^0.2.2:
  version "0.2.3"
  resolved "https://registry.yarnpkg.com/create-react-context/-/create-react-context-0.2.3.tgz#9ec140a6914a22ef04b8b09b7771de89567cb6f3"
  integrity sha512-CQBmD0+QGgTaxDL3OX1IDXYqjkp2It4RIbcb99jS6AEg27Ga+a9G3JtK6SIu0HBwPLZlmwt9F7UwWA4Bn92Rag==
  dependencies:
    fbjs "^0.8.0"
    gud "^1.0.0"

delegate@^3.1.2:
  version "3.2.0"
  resolved "https://registry.yarnpkg.com/delegate/-/delegate-3.2.0.tgz#b66b71c3158522e8ab5744f720d8ca0c2af59166"
  integrity sha512-IofjkYBZaZivn0V8nnsMJGBr4jVLxHDheKSW88PyxS5QC4Vo9ZbZVvhzlSxY87fVq3STR6r+4cGepyHkcWOQSw==

detab@^2.0.0:
  version "2.0.1"
  resolved "https://registry.yarnpkg.com/detab/-/detab-2.0.1.tgz#531f5e326620e2fd4f03264a905fb3bcc8af4df4"
  integrity sha512-/hhdqdQc5thGrqzjyO/pz76lDZ5GSuAs6goxOaKTsvPk7HNnzAyFN5lyHgqpX4/s1i66K8qMGj+VhA9504x7DQ==
  dependencies:
    repeat-string "^1.5.4"

dot-case@^2.1.0:
  version "2.1.1"
  resolved "https://registry.yarnpkg.com/dot-case/-/dot-case-2.1.1.tgz#34dcf37f50a8e93c2b3bca8bb7fb9155c7da3bee"
  integrity sha1-NNzzf1Co6TwrO8qLt/uRVcfaO+4=
  dependencies:
    no-case "^2.2.0"

"emoji-regex@>=6.0.0 <=6.1.1":
  version "6.1.1"
  resolved "https://registry.yarnpkg.com/emoji-regex/-/emoji-regex-6.1.1.tgz#c6cd0ec1b0642e2a3c67a1137efc5e796da4f88e"
  integrity sha1-xs0OwbBkLio8Z6ETfvxeeW2k+I4=

encoding@^0.1.11:
  version "0.1.12"
  resolved "https://registry.yarnpkg.com/encoding/-/encoding-0.1.12.tgz#538b66f3ee62cd1ab51ec323829d1f9480c74beb"
  integrity sha1-U4tm8+5izRq1HsMjgp0flIDHS+s=
  dependencies:
    iconv-lite "~0.4.13"

esprima@^4.0.0:
  version "4.0.1"
  resolved "https://registry.yarnpkg.com/esprima/-/esprima-4.0.1.tgz#13b04cdb3e6c5d19df91ab6987a8695619b0aa71"
  integrity sha512-eGuFFw7Upda+g4p+QHvnW0RyTX/SVeJBDM/gCtMARO0cLuT2HcEKnTPvhjV6aGeqrCB/sbNop0Kszm0jsaWU4A==

extend-shallow@^2.0.1:
  version "2.0.1"
  resolved "https://registry.yarnpkg.com/extend-shallow/-/extend-shallow-2.0.1.tgz#51af7d614ad9a9f610ea1bafbb989d6b1c56890f"
  integrity sha1-Ua99YUrZqfYQ6huvu5idaxxWiQ8=
  dependencies:
    is-extendable "^0.1.0"

extend@^3.0.0:
  version "3.0.2"
  resolved "https://registry.yarnpkg.com/extend/-/extend-3.0.2.tgz#f8b1136b4071fbd8eb140aff858b1019ec2915fa"
  integrity sha512-fjquC59cD7CyW6urNXK0FBufkZcoiGG80wTuPujX590cB5Ttln20E2UB4S/WARVqhXffZl2LNgS+gQdPIIim/g==

fbjs@^0.8.0:
  version "0.8.17"
  resolved "https://registry.yarnpkg.com/fbjs/-/fbjs-0.8.17.tgz#c4d598ead6949112653d6588b01a5cdcd9f90fdd"
  integrity sha1-xNWY6taUkRJlPWWIsBpc3Nn5D90=
  dependencies:
    core-js "^1.0.0"
    isomorphic-fetch "^2.1.1"
    loose-envify "^1.0.0"
    object-assign "^4.1.0"
    promise "^7.1.1"
    setimmediate "^1.0.5"
    ua-parser-js "^0.7.18"

github-slugger@^1.0.0:
  version "1.2.0"
  resolved "https://registry.yarnpkg.com/github-slugger/-/github-slugger-1.2.0.tgz#8ada3286fd046d8951c3c952a8d7854cfd90fd9a"
  integrity sha512-wIaa75k1vZhyPm9yWrD08A5Xnx/V+RmzGrpjQuLemGKSb77Qukiaei58Bogrl/LZSADDfPzKJX8jhLs4CRTl7Q==
  dependencies:
    emoji-regex ">=6.0.0 <=6.1.1"

good-listener@^1.2.2:
  version "1.2.2"
  resolved "https://registry.yarnpkg.com/good-listener/-/good-listener-1.2.2.tgz#d53b30cdf9313dffb7dc9a0d477096aa6d145c50"
  integrity sha1-1TswzfkxPf+33JoNR3CWqm0UXFA=
  dependencies:
    delegate "^3.1.2"

gray-matter@^4.0.1:
  version "4.0.1"
  resolved "https://registry.yarnpkg.com/gray-matter/-/gray-matter-4.0.1.tgz#375263c194f0d9755578c277e41b1c1dfdf22c7d"
  integrity sha512-p0MADBEBl1CohV7nRZ8sVinBexEe3CKVhh0A0QIHKpcbRoxB0VgeMpRPjW/HBHIPLAKrpIIIm5mZ6hKu3E+iQg==
  dependencies:
    js-yaml "^3.11.0"
    kind-of "^6.0.2"
    section-matter "^1.0.0"
    strip-bom-string "^1.0.0"

gud@^1.0.0:
  version "1.0.0"
  resolved "https://registry.yarnpkg.com/gud/-/gud-1.0.0.tgz#a489581b17e6a70beca9abe3ae57de7a499852c0"
  integrity sha512-zGEOVKFM5sVPPrYs7J5/hYEw2Pof8KCyOwyhG8sAF26mCAeUFAcYPu1mwB7hhpIP29zOIBaDqwuHdLp0jvZXjw==

hast-util-parse-selector@^2.2.0:
  version "2.2.0"
  resolved "https://registry.yarnpkg.com/hast-util-parse-selector/-/hast-util-parse-selector-2.2.0.tgz#2175f18cdd697308fc3431d5c29a9e48dfa4817a"
  integrity sha512-trw0pqZN7+sH9k7hPWCJNZUbWW2KroSIM/XpIy3G5ZMtx9LSabCyoSp4skJZ4q/eZ5UOBPtvWh4W9c+RE3HRoQ==

hast-util-to-string@^1.0.0:
  version "1.0.1"
  resolved "https://registry.yarnpkg.com/hast-util-to-string/-/hast-util-to-string-1.0.1.tgz#b28055cdca012d3c8fd048757c8483d0de0d002c"
  integrity sha512-EC6awGe0ZMUNYmS2hMVaKZxvjVtQA4RhXjtgE20AxGG49MM7OUUfaHc6VcVYv2YwzNlrZQGe5teimCxW1Rk+fA==

hastscript@^4.0.0:
  version "4.1.0"
  resolved "https://registry.yarnpkg.com/hastscript/-/hastscript-4.1.0.tgz#ea5593fa6f6709101fc790ced818393ddaa045ce"
  integrity sha512-bOTn9hEfzewvHyXdbYGKqOr/LOz+2zYhKbC17U2YAjd16mnjqB1BQ0nooM/RdMy/htVyli0NAznXiBtwDi1cmQ==
  dependencies:
    comma-separated-tokens "^1.0.0"
    hast-util-parse-selector "^2.2.0"
    property-information "^4.0.0"
    space-separated-tokens "^1.0.0"

header-case@^1.0.0:
  version "1.0.1"
  resolved "https://registry.yarnpkg.com/header-case/-/header-case-1.0.1.tgz#9535973197c144b09613cd65d317ef19963bd02d"
  integrity sha1-lTWXMZfBRLCWE81l0xfvGZY70C0=
  dependencies:
    no-case "^2.2.0"
    upper-case "^1.1.3"

hoist-non-react-statics@^2.5.5:
  version "2.5.5"
  resolved "https://registry.yarnpkg.com/hoist-non-react-statics/-/hoist-non-react-statics-2.5.5.tgz#c5903cf409c0dfd908f388e619d86b9c1174cb47"
  integrity sha512-rqcy4pJo55FTTLWt+bU8ukscqHeE/e9KWvsOW2b/a3afxQZhwkQdT1rPPCJ0rYXdj4vNcasY8zHTH+jF/qStxw==

iconv-lite@~0.4.13:
  version "0.4.24"
  resolved "https://registry.yarnpkg.com/iconv-lite/-/iconv-lite-0.4.24.tgz#2022b4b25fbddc21d2f524974a474aafe733908b"
  integrity sha512-v3MXnZAcvnywkTUEZomIActle7RXXeedOR31wwl7VlyoXO4Qi9arvSenNQWne1TcRwhCL1HwLI21bEqdpj8/rA==
  dependencies:
    safer-buffer ">= 2.1.2 < 3"

inherits@^2.0.1:
  version "2.0.3"
  resolved "https://registry.yarnpkg.com/inherits/-/inherits-2.0.3.tgz#633c2c83e3da42a502f52466022480f4208261de"
  integrity sha1-Yzwsg+PaQqUC9SRmAiSA9CCCYd4=

is-alphabetical@^1.0.0:
  version "1.0.2"
  resolved "https://registry.yarnpkg.com/is-alphabetical/-/is-alphabetical-1.0.2.tgz#1fa6e49213cb7885b75d15862fb3f3d96c884f41"
  integrity sha512-V0xN4BYezDHcBSKb1QHUFMlR4as/XEuCZBzMJUU4n7+Cbt33SmUnSol+pnXFvLxSHNq2CemUXNdaXV6Flg7+xg==

is-alphanumerical@^1.0.0:
  version "1.0.2"
  resolved "https://registry.yarnpkg.com/is-alphanumerical/-/is-alphanumerical-1.0.2.tgz#1138e9ae5040158dc6ff76b820acd6b7a181fd40"
  integrity sha512-pyfU/0kHdISIgslFfZN9nfY1Gk3MquQgUm1mJTjdkEPpkAKNWuBTSqFwewOpR7N351VkErCiyV71zX7mlQQqsg==
  dependencies:
    is-alphabetical "^1.0.0"
    is-decimal "^1.0.0"

is-buffer@^1.1.4:
  version "1.1.6"
  resolved "https://registry.yarnpkg.com/is-buffer/-/is-buffer-1.1.6.tgz#efaa2ea9daa0d7ab2ea13a97b2b8ad51fefbe8be"
  integrity sha512-NcdALwpXkTm5Zvvbk7owOUSvVvBKDgKP5/ewfXEznmQFfs4ZRmanOeKBTjRVjka3QFoN6XJ+9F3USqfHqTaU5w==

is-decimal@^1.0.0:
  version "1.0.2"
  resolved "https://registry.yarnpkg.com/is-decimal/-/is-decimal-1.0.2.tgz#894662d6a8709d307f3a276ca4339c8fa5dff0ff"
  integrity sha512-TRzl7mOCchnhchN+f3ICUCzYvL9ul7R+TYOsZ8xia++knyZAJfv/uA1FvQXsAnYIl1T3B2X5E/J7Wb1QXiIBXg==

is-extendable@^0.1.0:
  version "0.1.1"
  resolved "https://registry.yarnpkg.com/is-extendable/-/is-extendable-0.1.1.tgz#62b110e289a471418e3ec36a617d472e301dfc89"
  integrity sha1-YrEQ4omkcUGOPsNqYX1HLjAd/Ik=

is-hexadecimal@^1.0.0:
  version "1.0.2"
  resolved "https://registry.yarnpkg.com/is-hexadecimal/-/is-hexadecimal-1.0.2.tgz#b6e710d7d07bb66b98cb8cece5c9b4921deeb835"
  integrity sha512-but/G3sapV3MNyqiDBLrOi4x8uCIw0RY3o/Vb5GT0sMFHrVV7731wFSVy41T5FO1og7G0gXLJh0MkgPRouko/A==

is-lower-case@^1.1.0:
  version "1.1.3"
  resolved "https://registry.yarnpkg.com/is-lower-case/-/is-lower-case-1.1.3.tgz#7e147be4768dc466db3bfb21cc60b31e6ad69393"
  integrity sha1-fhR75HaNxGbbO/shzGCzHmrWk5M=
  dependencies:
    lower-case "^1.1.0"

is-plain-obj@^1.1.0:
  version "1.1.0"
  resolved "https://registry.yarnpkg.com/is-plain-obj/-/is-plain-obj-1.1.0.tgz#71a50c8429dfca773c92a390a4a03b39fcd51d3e"
  integrity sha1-caUMhCnfync8kqOQpKA7OfzVHT4=

is-stream@^1.0.1:
  version "1.1.0"
  resolved "https://registry.yarnpkg.com/is-stream/-/is-stream-1.1.0.tgz#12d4a3dd4e68e0b79ceb8dbc84173ae80d91ca44"
  integrity sha1-EtSj3U5o4Lec6428hBc66A2RykQ=

is-upper-case@^1.1.0:
  version "1.1.2"
  resolved "https://registry.yarnpkg.com/is-upper-case/-/is-upper-case-1.1.2.tgz#8d0b1fa7e7933a1e58483600ec7d9661cbaf756f"
  integrity sha1-jQsfp+eTOh5YSDYA7H2WYcuvdW8=
  dependencies:
    upper-case "^1.1.0"

is-url@^1.2.2:
  version "1.2.4"
  resolved "https://registry.yarnpkg.com/is-url/-/is-url-1.2.4.tgz#04a4df46d28c4cff3d73d01ff06abeb318a1aa52"
  integrity sha512-ITvGim8FhRiYe4IQ5uHSkj7pVaPDrCTkNd3yq3cV7iZAcJdHTUMPMEHcqSOy9xZ9qFenQCvi+2wjH9a1nXqHww==

is-whitespace-character@^1.0.0:
  version "1.0.2"
  resolved "https://registry.yarnpkg.com/is-whitespace-character/-/is-whitespace-character-1.0.2.tgz#ede53b4c6f6fb3874533751ec9280d01928d03ed"
  integrity sha512-SzM+T5GKUCtLhlHFKt2SDAX2RFzfS6joT91F2/WSi9LxgFdsnhfPK/UIA+JhRR2xuyLdrCys2PiFDrtn1fU5hQ==

is-word-character@^1.0.0:
  version "1.0.2"
  resolved "https://registry.yarnpkg.com/is-word-character/-/is-word-character-1.0.2.tgz#46a5dac3f2a1840898b91e576cd40d493f3ae553"
  integrity sha512-T3FlsX8rCHAH8e7RE7PfOPZVFQlcV3XRF9eOOBQ1uf70OxO7CjjSOjeImMPCADBdYWcStAbVbYvJ1m2D3tb+EA==

isomorphic-fetch@^2.1.1:
  version "2.2.1"
  resolved "https://registry.yarnpkg.com/isomorphic-fetch/-/isomorphic-fetch-2.2.1.tgz#611ae1acf14f5e81f729507472819fe9733558a9"
  integrity sha1-YRrhrPFPXoH3KVB0coGf6XM1WKk=
  dependencies:
    node-fetch "^1.0.1"
    whatwg-fetch ">=0.10.0"

"js-tokens@^3.0.0 || ^4.0.0":
  version "4.0.0"
  resolved "https://registry.yarnpkg.com/js-tokens/-/js-tokens-4.0.0.tgz#19203fb59991df98e3a287050d4647cdeaf32499"
  integrity sha512-RdJUflcE3cUzKiMqQgsCu06FPu9UdIJO0beYbPhHN4k6apgJtifcoCtT9bcxOpYBtpD2kCM6Sbzg4CausW/PKQ==

js-yaml@^3.11.0:
  version "3.12.0"
  resolved "https://registry.yarnpkg.com/js-yaml/-/js-yaml-3.12.0.tgz#eaed656ec8344f10f527c6bfa1b6e2244de167d1"
  integrity sha512-PIt2cnwmPfL4hKNwqeiuz4bKfnzHTBv6HyVgjahA6mPLwPDzjDWrplJBMjHUFxku/N3FlmrbyPclad+I+4mJ3A==
  dependencies:
    argparse "^1.0.7"
    esprima "^4.0.0"

kind-of@^6.0.0, kind-of@^6.0.2:
  version "6.0.2"
  resolved "https://registry.yarnpkg.com/kind-of/-/kind-of-6.0.2.tgz#01146b36a6218e64e58f3a8d66de5d7fc6f6d051"
  integrity sha512-s5kLOcnH0XqDO+FvuaLX8DDjZ18CGFk7VygH40QoKPUQhW4e2rvM0rwUq0t8IQDOwYSeLK01U90OjzBTme2QqA==

lodash.toarray@^4.4.0:
  version "4.4.0"
  resolved "https://registry.yarnpkg.com/lodash.toarray/-/lodash.toarray-4.4.0.tgz#24c4bfcd6b2fba38bfd0594db1179d8e9b656561"
  integrity sha1-JMS/zWsvuji/0FlNsRedjptlZWE=

loose-envify@^1.0.0, loose-envify@^1.3.1:
  version "1.4.0"
  resolved "https://registry.yarnpkg.com/loose-envify/-/loose-envify-1.4.0.tgz#71ee51fa7be4caec1a63839f7e682d8132d30caf"
  integrity sha512-lyuxPGr/Wfhrlem2CL/UcnUc1zcqKAImBDzukY7Y5F/yQiNdko6+fRLevlw1HgMySw7f611UIY408EtxRSoK3Q==
  dependencies:
    js-tokens "^3.0.0 || ^4.0.0"

lower-case-first@^1.0.0:
  version "1.0.2"
  resolved "https://registry.yarnpkg.com/lower-case-first/-/lower-case-first-1.0.2.tgz#e5da7c26f29a7073be02d52bac9980e5922adfa1"
  integrity sha1-5dp8JvKacHO+AtUrrJmA5ZIq36E=
  dependencies:
    lower-case "^1.1.2"

lower-case@^1.1.0, lower-case@^1.1.1, lower-case@^1.1.2:
  version "1.1.4"
  resolved "https://registry.yarnpkg.com/lower-case/-/lower-case-1.1.4.tgz#9a2cabd1b9e8e0ae993a4bf7d5875c39c42e8eac"
  integrity sha1-miyr0bno4K6ZOkv31YdcOcQujqw=

markdown-escapes@^1.0.0:
  version "1.0.2"
  resolved "https://registry.yarnpkg.com/markdown-escapes/-/markdown-escapes-1.0.2.tgz#e639cbde7b99c841c0bacc8a07982873b46d2122"
  integrity sha512-lbRZ2mE3Q9RtLjxZBZ9+IMl68DKIXaVAhwvwn9pmjnPLS0h/6kyBMgNhqi1xFJ/2yv6cSyv0jbiZavZv93JkkA==

mdast-squeeze-paragraphs@^3.0.0:
  version "3.0.3"
  resolved "https://registry.yarnpkg.com/mdast-squeeze-paragraphs/-/mdast-squeeze-paragraphs-3.0.3.tgz#eb40b48b0d63573afad651d2623806090397d5d0"
  integrity sha512-NtUkasADphYiAT2eVmpf8lrvZlU3hbluZZhVrXMqvJqNZNZnJGlOG39JnlyBngo2dlJqNUBZa75gRT90+EY0kQ==
  dependencies:
    unist-util-remove "^1.0.0"

mdast-util-definitions@^1.2.0:
  version "1.2.3"
  resolved "https://registry.yarnpkg.com/mdast-util-definitions/-/mdast-util-definitions-1.2.3.tgz#49f936b09207c45b438db19551652934312f04f0"
  integrity sha512-P6wpRO8YVQ1iv30maMc93NLh7COvufglBE8/ldcOyYmk5EbfF0YeqlLgtqP/FOBU501Kqar1x5wYWwB3Nga74g==
  dependencies:
    unist-util-visit "^1.0.0"

mdast-util-to-hast@^3.0.0:
  version "3.0.2"
  resolved "https://registry.yarnpkg.com/mdast-util-to-hast/-/mdast-util-to-hast-3.0.2.tgz#26b1971f49d6db1e3428463a12e66c89db5021cb"
  integrity sha512-YI8Ea3TFWEZrS31+6Q/d8ZYTOSDKM06IPc3l2+OMFX1o3JTG2mrztlmzDsUMwIXLWofEdTVl/WXBgRG6ddlU/A==
  dependencies:
    collapse-white-space "^1.0.0"
    detab "^2.0.0"
    mdast-util-definitions "^1.2.0"
    mdurl "^1.0.1"
    trim "0.0.1"
    trim-lines "^1.0.0"
    unist-builder "^1.0.1"
    unist-util-generated "^1.1.0"
    unist-util-position "^3.0.0"
    unist-util-visit "^1.1.0"
    xtend "^4.0.1"

mdast-util-to-string@^1.0.0:
  version "1.0.5"
  resolved "https://registry.yarnpkg.com/mdast-util-to-string/-/mdast-util-to-string-1.0.5.tgz#3552b05428af22ceda34f156afe62ec8e6d731ca"
  integrity sha512-2qLt/DEOo5F6nc2VFScQiHPzQ0XXcabquRJxKMhKte8nt42o08HUxNDPk7tt0YPxnWjAT11I1SYi0X0iPnfI5A==

mdurl@^1.0.1:
  version "1.0.1"
  resolved "https://registry.yarnpkg.com/mdurl/-/mdurl-1.0.1.tgz#fe85b2ec75a59037f2adfec100fd6c601761152e"
  integrity sha1-/oWy7HWlkDfyrf7BAP1sYBdhFS4=

mdx-constant@^0.1.0:
  version "0.1.0"
  resolved "https://registry.yarnpkg.com/mdx-constant/-/mdx-constant-0.1.0.tgz#5d9b9981274bebb29127cd650fb5e4d9f557185d"
  integrity sha512-no+6C7HQMtDyDjW6wk9hUPND1Fm+7UCpvH+GtGn49qR35FG+HbMBVYgukpfF77Q4W91CID/Uc+kUK9Q7TAQpRw==

mdx-table-of-contents@^0.1.0:
  version "0.1.0"
  resolved "https://registry.yarnpkg.com/mdx-table-of-contents/-/mdx-table-of-contents-0.1.0.tgz#a09dce9424ddff084ab07b7a6f3dcba5ed456fb3"
  integrity sha512-aNhJvAkghJEKLat+THHJB9qi2bS4iBl1wNDLfwbByUZTvQ8DgLKUJ/TMEIrcWMuuks6BbsK7sp2IqLTUPnUfZQ==
  dependencies:
    "@mdx-js/mdx" "^0.15.5"

no-case@^2.2.0, no-case@^2.3.2:
  version "2.3.2"
  resolved "https://registry.yarnpkg.com/no-case/-/no-case-2.3.2.tgz#60b813396be39b3f1288a4c1ed5d1e7d28b464ac"
  integrity sha512-rmTZ9kz+f3rCvK2TD1Ue/oZlns7OGoIWP4fc3llxxRXlOkHKoWPPWJOfFYpITabSow43QJbRIoHQXtt10VldyQ==
  dependencies:
    lower-case "^1.1.1"

node-emoji@^1.8.1:
  version "1.8.1"
  resolved "https://registry.yarnpkg.com/node-emoji/-/node-emoji-1.8.1.tgz#6eec6bfb07421e2148c75c6bba72421f8530a826"
  integrity sha512-+ktMAh1Jwas+TnGodfCfjUbJKoANqPaJFN0z0iqh41eqD8dvguNzcitVSBSVK1pidz0AqGbLKcoVuVLRVZ/aVg==
  dependencies:
    lodash.toarray "^4.4.0"

node-fetch@^1.0.1:
  version "1.7.3"
  resolved "https://registry.yarnpkg.com/node-fetch/-/node-fetch-1.7.3.tgz#980f6f72d85211a5347c6b2bc18c5b84c3eb47ef"
  integrity sha512-NhZ4CsKx7cYm2vSrBAr2PvFOe6sWDf0UYLRqA6svUYg7+/TSfVAu49jYC4BvQ4Sms9SZgdqGBgroqfDhJdTyKQ==
  dependencies:
    encoding "^0.1.11"
    is-stream "^1.0.1"

object-assign@^4.1.0, object-assign@^4.1.1:
  version "4.1.1"
  resolved "https://registry.yarnpkg.com/object-assign/-/object-assign-4.1.1.tgz#2109adc7965887cfc05cbbd442cac8bfbb360863"
  integrity sha1-IQmtx5ZYh8/AXLvUQsrIv7s2CGM=

param-case@^2.1.0:
  version "2.1.1"
  resolved "https://registry.yarnpkg.com/param-case/-/param-case-2.1.1.tgz#df94fd8cf6531ecf75e6bef9a0858fbc72be2247"
  integrity sha1-35T9jPZTHs915r75oIWPvHK+Ikc=
  dependencies:
    no-case "^2.2.0"

parse-entities@^1.1.0, parse-entities@^1.1.2:
  version "1.2.0"
  resolved "https://registry.yarnpkg.com/parse-entities/-/parse-entities-1.2.0.tgz#9deac087661b2e36814153cb78d7e54a4c5fd6f4"
  integrity sha512-XXtDdOPLSB0sHecbEapQi6/58U/ODj/KWfIXmmMCJF/eRn8laX6LZbOyioMoETOOJoWRW8/qTSl5VQkUIfKM5g==
  dependencies:
    character-entities "^1.0.0"
    character-entities-legacy "^1.0.0"
    character-reference-invalid "^1.0.0"
    is-alphanumerical "^1.0.0"
    is-decimal "^1.0.0"
    is-hexadecimal "^1.0.0"

pascal-case@^2.0.0:
  version "2.0.1"
  resolved "https://registry.yarnpkg.com/pascal-case/-/pascal-case-2.0.1.tgz#2d578d3455f660da65eca18ef95b4e0de912761e"
  integrity sha1-LVeNNFX2YNpl7KGO+VtODekSdh4=
  dependencies:
    camel-case "^3.0.0"
    upper-case-first "^1.1.0"

path-case@^2.1.0:
  version "2.1.1"
  resolved "https://registry.yarnpkg.com/path-case/-/path-case-2.1.1.tgz#94b8037c372d3fe2906e465bb45e25d226e8eea5"
  integrity sha1-lLgDfDctP+KQbkZbtF4l0ibo7qU=
  dependencies:
    no-case "^2.2.0"

prismjs@^1.15.0, prismjs@~1.15.0:
  version "1.15.0"
  resolved "https://registry.yarnpkg.com/prismjs/-/prismjs-1.15.0.tgz#8801d332e472091ba8def94976c8877ad60398d9"
  integrity sha512-Lf2JrFYx8FanHrjoV5oL8YHCclLQgbJcVZR+gikGGMqz6ub5QVWDTM6YIwm3BuPxM/LOV+rKns3LssXNLIf+DA==
  optionalDependencies:
    clipboard "^2.0.0"

promise@^7.1.1:
  version "7.3.1"
  resolved "https://registry.yarnpkg.com/promise/-/promise-7.3.1.tgz#064b72602b18f90f29192b8b1bc418ffd1ebd3bf"
  integrity sha512-nolQXZ/4L+bP/UGlkfaIujX9BKxGwmQ9OT4mOt5yvy8iK1h3wqTEJCijzGANTCCl9nWjY41juyAn2K3Q1hLLTg==
  dependencies:
    asap "~2.0.3"

prop-types@^15.6.1:
  version "15.6.2"
  resolved "https://registry.yarnpkg.com/prop-types/-/prop-types-15.6.2.tgz#05d5ca77b4453e985d60fc7ff8c859094a497102"
  integrity sha512-3pboPvLiWD7dkI3qf3KbUe6hKFKa52w+AE0VCqECtf+QHAKgOL37tTaNCnuX1nAAQ4ZhyP+kYVKf8rLmJ/feDQ==
  dependencies:
    loose-envify "^1.3.1"
    object-assign "^4.1.1"

property-information@^4.0.0:
  version "4.2.0"
  resolved "https://registry.yarnpkg.com/property-information/-/property-information-4.2.0.tgz#f0e66e07cbd6fed31d96844d958d153ad3eb486e"
  integrity sha512-TlgDPagHh+eBKOnH2VYvk8qbwsCG/TAJdmTL7f1PROUcSO8qt/KSmShEQ/OKvock8X9tFjtqjCScyOkkkvIKVQ==
  dependencies:
    xtend "^4.0.1"

refractor@^2.3.0:
  version "2.6.0"
  resolved "https://registry.yarnpkg.com/refractor/-/refractor-2.6.0.tgz#6b0d88f654c8534eefed3329a35bc7bb74ae0979"
  integrity sha512-ZkziLxSnkGmcFd9gVtMPqWyuA9nLzQCJqIjma03UvS2kw3gU+JQhCz8bWpbXtQX0e5XurZb/1wglrxpkYTJalQ==
  dependencies:
    hastscript "^4.0.0"
    parse-entities "^1.1.2"
    prismjs "~1.15.0"

remark-emoji@^2.0.2:
  version "2.0.2"
  resolved "https://registry.yarnpkg.com/remark-emoji/-/remark-emoji-2.0.2.tgz#49c134021132c192ee4cceed1988ec9b8ced7eb8"
  integrity sha512-E8ZOa7Sx1YS9ivWJ8U9xpA8ldzZ4VPAfyUaKqhr1/Pr5Q8ZdQHrpDg6S+rPzMw8t89KNViB/oG9ZdJSFDrUXpA==
  dependencies:
    node-emoji "^1.8.1"
    unist-util-visit "^1.4.0"

remark-images@^0.8.1:
  version "0.8.1"
  resolved "https://registry.yarnpkg.com/remark-images/-/remark-images-0.8.1.tgz#9c5ebd2f5973c95d21ee342f078e68876cbab580"
  integrity sha512-1NpiFnIQ7WQIeL+1ofFdrP7NYW+jOShXbjqwertfZMDzFrTrWqY6PmMSWl3imGqPF2AWyMOPkxObe6botEb5Cg==
  dependencies:
    is-url "^1.2.2"
    unist-util-visit "^1.3.0"

remark-parse@^5.0.0:
  version "5.0.0"
  resolved "https://registry.yarnpkg.com/remark-parse/-/remark-parse-5.0.0.tgz#4c077f9e499044d1d5c13f80d7a98cf7b9285d95"
  integrity sha512-b3iXszZLH1TLoyUzrATcTQUZrwNl1rE70rVdSruJFlDaJ9z5aMkhrG43Pp68OgfHndL/ADz6V69Zow8cTQu+JA==
  dependencies:
    collapse-white-space "^1.0.2"
    is-alphabetical "^1.0.0"
    is-decimal "^1.0.0"
    is-whitespace-character "^1.0.0"
    is-word-character "^1.0.0"
    markdown-escapes "^1.0.0"
    parse-entities "^1.1.0"
    repeat-string "^1.5.4"
    state-toggle "^1.0.0"
    trim "0.0.1"
    trim-trailing-lines "^1.0.0"
    unherit "^1.0.4"
    unist-util-remove-position "^1.0.0"
    vfile-location "^2.0.0"
    xtend "^4.0.1"

remark-slug@^5.1.0:
  version "5.1.0"
  resolved "https://registry.yarnpkg.com/remark-slug/-/remark-slug-5.1.0.tgz#e55cd92d53395665e26b2994441394127d860abf"
  integrity sha512-FW/V7b3ekfDL1eyPDyzfq0qz5HFPKPNWVC2eqFDie45r774FLGoymOS1oU7LVQfdFNEvNLZ6oBJT/oIxAyBISg==
  dependencies:
    github-slugger "^1.0.0"
    mdast-util-to-string "^1.0.0"
    unist-util-visit "^1.0.0"

remark-squeeze-paragraphs@^3.0.1:
  version "3.0.2"
  resolved "https://registry.yarnpkg.com/remark-squeeze-paragraphs/-/remark-squeeze-paragraphs-3.0.2.tgz#c3d1459cb17c250180fdc8f9814224b44d952b90"
  integrity sha512-XFks+7F6FKmGkJcGyAvJ1GmqtPID9piDtJhrgglIGqg1VRTjpfft6UtGVGCuYnliZt8J72KPG8bwiJkwY6NDOw==
  dependencies:
    mdast-squeeze-paragraphs "^3.0.0"

repeat-string@^1.5.4:
  version "1.6.1"
  resolved "https://registry.yarnpkg.com/repeat-string/-/repeat-string-1.6.1.tgz#8dcae470e1c88abc2d600fff4a776286da75e637"
  integrity sha1-jcrkcOHIirwtYA//Sndihtp15jc=

replace-ext@1.0.0:
  version "1.0.0"
  resolved "https://registry.yarnpkg.com/replace-ext/-/replace-ext-1.0.0.tgz#de63128373fcbf7c3ccfa4de5a480c45a67958eb"
  integrity sha1-3mMSg3P8v3w8z6TeWkgMRaZ5WOs=

"safer-buffer@>= 2.1.2 < 3":
  version "2.1.2"
  resolved "https://registry.yarnpkg.com/safer-buffer/-/safer-buffer-2.1.2.tgz#44fa161b0187b9549dd84bb91802f9bd8385cd6a"
  integrity sha512-YZo3K82SD7Riyi0E1EQPojLz7kpepnSQI9IyPbHHg1XXXevb5dJI7tpyN2ADxGcQbHG7vcyRHk0cbwqcQriUtg==

section-matter@^1.0.0:
  version "1.0.0"
  resolved "https://registry.yarnpkg.com/section-matter/-/section-matter-1.0.0.tgz#e9041953506780ec01d59f292a19c7b850b84167"
  integrity sha512-vfD3pmTzGpufjScBh50YHKzEu2lxBWhVEHsNGoEXmCmn2hKGfeNLYMzCJpe8cD7gqX7TJluOVpBkAequ6dgMmA==
  dependencies:
    extend-shallow "^2.0.1"
    kind-of "^6.0.0"

select@^1.1.2:
  version "1.1.2"
  resolved "https://registry.yarnpkg.com/select/-/select-1.1.2.tgz#0e7350acdec80b1108528786ec1d4418d11b396d"
  integrity sha1-DnNQrN7ICxEIUoeG7B1EGNEbOW0=

sentence-case@^2.1.0:
  version "2.1.1"
  resolved "https://registry.yarnpkg.com/sentence-case/-/sentence-case-2.1.1.tgz#1f6e2dda39c168bf92d13f86d4a918933f667ed4"
  integrity sha1-H24t2jnBaL+S0T+G1KkYkz9mftQ=
  dependencies:
    no-case "^2.2.0"
    upper-case-first "^1.1.2"

setimmediate@^1.0.5:
  version "1.0.5"
  resolved "https://registry.yarnpkg.com/setimmediate/-/setimmediate-1.0.5.tgz#290cbb232e306942d7d7ea9b83732ab7856f8285"
  integrity sha1-KQy7Iy4waULX1+qbg3Mqt4VvgoU=

snake-case@^2.1.0:
  version "2.1.0"
  resolved "https://registry.yarnpkg.com/snake-case/-/snake-case-2.1.0.tgz#41bdb1b73f30ec66a04d4e2cad1b76387d4d6d9f"
  integrity sha1-Qb2xtz8w7GagTU4srRt2OH1NbZ8=
  dependencies:
    no-case "^2.2.0"

space-separated-tokens@^1.0.0:
  version "1.1.2"
  resolved "https://registry.yarnpkg.com/space-separated-tokens/-/space-separated-tokens-1.1.2.tgz#e95ab9d19ae841e200808cd96bc7bd0adbbb3412"
  integrity sha512-G3jprCEw+xFEs0ORweLmblJ3XLymGGr6hxZYTYZjIlvDti9vOBUjRQa1Rzjt012aRrocKstHwdNi+F7HguPsEA==
  dependencies:
    trim "0.0.1"

sprintf-js@~1.0.2:
  version "1.0.3"
  resolved "https://registry.yarnpkg.com/sprintf-js/-/sprintf-js-1.0.3.tgz#04e6926f662895354f3dd015203633b857297e2c"
  integrity sha1-BOaSb2YolTVPPdAVIDYzuFcpfiw=

state-toggle@^1.0.0:
  version "1.0.1"
  resolved "https://registry.yarnpkg.com/state-toggle/-/state-toggle-1.0.1.tgz#c3cb0974f40a6a0f8e905b96789eb41afa1cde3a"
  integrity sha512-Qe8QntFrrpWTnHwvwj2FZTgv+PKIsp0B9VxLzLLbSpPXWOgRgc5LVj/aTiSfK1RqIeF9jeC1UeOH8Q8y60A7og==

strip-bom-string@^1.0.0:
  version "1.0.0"
  resolved "https://registry.yarnpkg.com/strip-bom-string/-/strip-bom-string-1.0.0.tgz#e5211e9224369fbb81d633a2f00044dc8cedad92"
  integrity sha1-5SEekiQ2n7uB1jOi8ABE3IztrZI=

swap-case@^1.1.0:
  version "1.1.2"
  resolved "https://registry.yarnpkg.com/swap-case/-/swap-case-1.1.2.tgz#c39203a4587385fad3c850a0bd1bcafa081974e3"
  integrity sha1-w5IDpFhzhfrTyFCgvRvK+ggZdOM=
  dependencies:
    lower-case "^1.1.1"
    upper-case "^1.1.1"

tiny-emitter@^2.0.0:
  version "2.0.2"
  resolved "https://registry.yarnpkg.com/tiny-emitter/-/tiny-emitter-2.0.2.tgz#82d27468aca5ade8e5fd1e6d22b57dd43ebdfb7c"
  integrity sha512-2NM0auVBGft5tee/OxP4PI3d8WItkDM+fPnaRAVo6xTDI2knbz9eC5ArWGqtGlYqiH3RU5yMpdyTTO7MguC4ow==

title-case@^2.1.0:
  version "2.1.1"
  resolved "https://registry.yarnpkg.com/title-case/-/title-case-2.1.1.tgz#3e127216da58d2bc5becf137ab91dae3a7cd8faa"
  integrity sha1-PhJyFtpY0rxb7PE3q5Ha46fNj6o=
  dependencies:
    no-case "^2.2.0"
    upper-case "^1.0.3"

to-style@^1.3.3:
  version "1.3.3"
  resolved "https://registry.yarnpkg.com/to-style/-/to-style-1.3.3.tgz#63a2b70a6f4a7d4fdc2ed57a0be4e7235cb6699c"
  integrity sha1-Y6K3Cm9KfU/cLtV6C+TnI1y2aZw=

trim-lines@^1.0.0:
  version "1.1.1"
  resolved "https://registry.yarnpkg.com/trim-lines/-/trim-lines-1.1.1.tgz#da738ff58fa74817588455e30b11b85289f2a396"
  integrity sha512-X+eloHbgJGxczUk1WSjIvn7aC9oN3jVE3rQfRVKcgpavi3jxtCn0VVKtjOBj64Yop96UYn/ujJRpTbCdAF1vyg==

trim-trailing-lines@^1.0.0:
  version "1.1.1"
  resolved "https://registry.yarnpkg.com/trim-trailing-lines/-/trim-trailing-lines-1.1.1.tgz#e0ec0810fd3c3f1730516b45f49083caaf2774d9"
  integrity sha512-bWLv9BbWbbd7mlqqs2oQYnLD/U/ZqeJeJwbO0FG2zA1aTq+HTvxfHNKFa/HGCVyJpDiioUYaBhfiT6rgk+l4mg==

trim@0.0.1:
  version "0.0.1"
  resolved "https://registry.yarnpkg.com/trim/-/trim-0.0.1.tgz#5858547f6b290757ee95cccc666fb50084c460dd"
  integrity sha1-WFhUf2spB1fulczMZm+1AITEYN0=

trough@^1.0.0:
  version "1.0.3"
  resolved "https://registry.yarnpkg.com/trough/-/trough-1.0.3.tgz#e29bd1614c6458d44869fc28b255ab7857ef7c24"
  integrity sha512-fwkLWH+DimvA4YCy+/nvJd61nWQQ2liO/nF/RjkTpiOGi+zxZzVkhb1mvbHIIW4b/8nDsYI8uTmAlc0nNkRMOw==

ua-parser-js@^0.7.18:
  version "0.7.19"
  resolved "https://registry.yarnpkg.com/ua-parser-js/-/ua-parser-js-0.7.19.tgz#94151be4c0a7fb1d001af7022fdaca4642659e4b"
  integrity sha512-T3PVJ6uz8i0HzPxOF9SWzWAlfN/DavlpQqepn22xgve/5QecC+XMCAtmUNnY7C9StehaV6exjUCI801lOI7QlQ==

unherit@^1.0.4:
  version "1.1.1"
  resolved "https://registry.yarnpkg.com/unherit/-/unherit-1.1.1.tgz#132748da3e88eab767e08fabfbb89c5e9d28628c"
  integrity sha512-+XZuV691Cn4zHsK0vkKYwBEwB74T3IZIcxrgn2E4rKwTfFyI1zCh7X7grwh9Re08fdPlarIdyWgI8aVB3F5A5g==
  dependencies:
    inherits "^2.0.1"
    xtend "^4.0.1"

unified@^6.1.6:
  version "6.2.0"
  resolved "https://registry.yarnpkg.com/unified/-/unified-6.2.0.tgz#7fbd630f719126d67d40c644b7e3f617035f6dba"
  integrity sha512-1k+KPhlVtqmG99RaTbAv/usu85fcSRu3wY8X+vnsEhIxNP5VbVIDiXnLqyKIG+UMdyTg0ZX9EI6k2AfjJkHPtA==
  dependencies:
    bail "^1.0.0"
    extend "^3.0.0"
    is-plain-obj "^1.1.0"
    trough "^1.0.0"
    vfile "^2.0.0"
    x-is-string "^0.1.0"

unist-builder@^1.0.1:
  version "1.0.3"
  resolved "https://registry.yarnpkg.com/unist-builder/-/unist-builder-1.0.3.tgz#ab0f9d0f10936b74f3e913521955b0478e0ff036"
  integrity sha512-/KB8GEaoeHRyIqClL+Kam+Y5NWJ6yEiPsAfv1M+O1p+aKGgjR89WwoEHKTyOj17L6kAlqtKpAgv2nWvdbQDEig==
  dependencies:
    object-assign "^4.1.0"

unist-util-generated@^1.1.0:
  version "1.1.2"
  resolved "https://registry.yarnpkg.com/unist-util-generated/-/unist-util-generated-1.1.2.tgz#8b993f9239d8e560be6ee6e91c3f7b7208e5ce25"
  integrity sha512-1HcwiEO62dr0XWGT+abVK4f0aAm8Ik8N08c5nAYVmuSxfvpA9rCcNyX/le8xXj1pJK5nBrGlZefeWB6bN8Pstw==

unist-util-is@^2.0.0, unist-util-is@^2.1.2:
  version "2.1.2"
  resolved "https://registry.yarnpkg.com/unist-util-is/-/unist-util-is-2.1.2.tgz#1193fa8f2bfbbb82150633f3a8d2eb9a1c1d55db"
  integrity sha512-YkXBK/H9raAmG7KXck+UUpnKiNmUdB+aBGrknfQ4EreE1banuzrKABx3jP6Z5Z3fMSPMQQmeXBlKpCbMwBkxVw==

unist-util-position@^3.0.0:
  version "3.0.1"
  resolved "https://registry.yarnpkg.com/unist-util-position/-/unist-util-position-3.0.1.tgz#8e220c24658239bf7ddafada5725ed0ea1ebbc26"
  integrity sha512-05QfJDPI7PE1BIUtAxeSV+cDx21xP7+tUZgSval5CA7tr0pHBwybF7OnEa1dOFqg6BfYH/qiMUnWwWj+Frhlww==

unist-util-remove-position@^1.0.0:
  version "1.1.2"
  resolved "https://registry.yarnpkg.com/unist-util-remove-position/-/unist-util-remove-position-1.1.2.tgz#86b5dad104d0bbfbeb1db5f5c92f3570575c12cb"
  integrity sha512-XxoNOBvq1WXRKXxgnSYbtCF76TJrRoe5++pD4cCBsssSiWSnPEktyFrFLE8LTk3JW5mt9hB0Sk5zn4x/JeWY7Q==
  dependencies:
    unist-util-visit "^1.1.0"

unist-util-remove@^1.0.0:
  version "1.0.1"
  resolved "https://registry.yarnpkg.com/unist-util-remove/-/unist-util-remove-1.0.1.tgz#3e967d2aeb3ee9e7f0ee8354172986fba7ff33a5"
  integrity sha512-nL+3O0nBB2Oi8ixVzIfJQLtNOMPIFzwoAIKvhDzEL8B15Nq7EY0KBQPYULjNrEmrwYMCkWp5XGTQiAlYZAL/rw==
  dependencies:
    unist-util-is "^2.0.0"

unist-util-stringify-position@^1.0.0, unist-util-stringify-position@^1.1.1:
  version "1.1.2"
  resolved "https://registry.yarnpkg.com/unist-util-stringify-position/-/unist-util-stringify-position-1.1.2.tgz#3f37fcf351279dcbca7480ab5889bb8a832ee1c6"
  integrity sha512-pNCVrk64LZv1kElr0N1wPiHEUoXNVFERp+mlTg/s9R5Lwg87f9bM/3sQB99w+N9D/qnM9ar3+AKDBwo/gm/iQQ==

unist-util-visit-parents@^2.0.0:
  version "2.0.1"
  resolved "https://registry.yarnpkg.com/unist-util-visit-parents/-/unist-util-visit-parents-2.0.1.tgz#63fffc8929027bee04bfef7d2cce474f71cb6217"
  integrity sha512-6B0UTiMfdWql4cQ03gDTCSns+64Zkfo2OCbK31Ov0uMizEz+CJeAp0cgZVb5Fhmcd7Bct2iRNywejT0orpbqUA==
  dependencies:
    unist-util-is "^2.1.2"

unist-util-visit@^1.0.0, unist-util-visit@^1.1.0, unist-util-visit@^1.1.3, unist-util-visit@^1.3.0, unist-util-visit@^1.4.0:
  version "1.4.0"
  resolved "https://registry.yarnpkg.com/unist-util-visit/-/unist-util-visit-1.4.0.tgz#1cb763647186dc26f5e1df5db6bd1e48b3cc2fb1"
  integrity sha512-FiGu34ziNsZA3ZUteZxSFaczIjGmksfSgdKqBfOejrrfzyUy5b7YrlzT1Bcvi+djkYDituJDy2XB7tGTeBieKw==
  dependencies:
    unist-util-visit-parents "^2.0.0"

upper-case-first@^1.1.0, upper-case-first@^1.1.2:
  version "1.1.2"
  resolved "https://registry.yarnpkg.com/upper-case-first/-/upper-case-first-1.1.2.tgz#5d79bedcff14419518fd2edb0a0507c9b6859115"
  integrity sha1-XXm+3P8UQZUY/S7bCgUHybaFkRU=
  dependencies:
    upper-case "^1.1.1"

upper-case@^1.0.3, upper-case@^1.1.0, upper-case@^1.1.1, upper-case@^1.1.3:
  version "1.1.3"
  resolved "https://registry.yarnpkg.com/upper-case/-/upper-case-1.1.3.tgz#f6b4501c2ec4cdd26ba78be7222961de77621598"
  integrity sha1-9rRQHC7EzdJrp4vnIilh3ndiFZg=

vfile-location@^2.0.0:
  version "2.0.3"
  resolved "https://registry.yarnpkg.com/vfile-location/-/vfile-location-2.0.3.tgz#083ba80e50968e8d420be49dd1ea9a992131df77"
  integrity sha512-zM5/l4lfw1CBoPx3Jimxoc5RNDAHHpk6AM6LM0pTIkm5SUSsx8ZekZ0PVdf0WEZ7kjlhSt7ZlqbRL6Cd6dBs6A==

vfile-message@^1.0.0:
  version "1.0.1"
  resolved "https://registry.yarnpkg.com/vfile-message/-/vfile-message-1.0.1.tgz#51a2ccd8a6b97a7980bb34efb9ebde9632e93677"
  integrity sha512-vSGCkhNvJzO6VcWC6AlJW4NtYOVtS+RgCaqFIYUjoGIlHnFL+i0LbtYvonDWOMcB97uTPT4PRsyYY7REWC9vug==
  dependencies:
    unist-util-stringify-position "^1.1.1"

vfile@^2.0.0:
  version "2.3.0"
  resolved "https://registry.yarnpkg.com/vfile/-/vfile-2.3.0.tgz#e62d8e72b20e83c324bc6c67278ee272488bf84a"
  integrity sha512-ASt4mBUHcTpMKD/l5Q+WJXNtshlWxOogYyGYYrg4lt/vuRjC1EFQtlAofL5VmtVNIZJzWYFJjzGWZ0Gw8pzW1w==
  dependencies:
    is-buffer "^1.1.4"
    replace-ext "1.0.0"
    unist-util-stringify-position "^1.0.0"
    vfile-message "^1.0.0"

whatwg-fetch@>=0.10.0:
  version "3.0.0"
  resolved "https://registry.yarnpkg.com/whatwg-fetch/-/whatwg-fetch-3.0.0.tgz#fc804e458cc460009b1a2b966bc8817d2578aefb"
  integrity sha512-9GSJUgz1D4MfyKU7KRqwOjXCXTqWdFNvEr7eUBYchQiVc744mqK/MzXPNR2WsPkmkOa4ywfg8C2n8h+13Bey1Q==

x-is-string@^0.1.0:
  version "0.1.0"
  resolved "https://registry.yarnpkg.com/x-is-string/-/x-is-string-0.1.0.tgz#474b50865af3a49a9c4657f05acd145458f77d82"
  integrity sha1-R0tQhlrzpJqcRlfwWs0UVFj3fYI=

xtend@^4.0.1:
  version "4.0.1"
  resolved "https://registry.yarnpkg.com/xtend/-/xtend-4.0.1.tgz#a5c6d532be656e23db820efb943a1f04998d63af"
  integrity sha1-pcbVMr5lbiPbgg77lDofBJmNY68=
